{
  "version": 4,
  "terraform_version": "1.6.2",
  "serial": 382,
  "lineage": "387c16d9-c173-768d-d60b-43df022031ec",
  "outputs": {
    "external_ip_address_k8smaster": {
      "value": "158.160.60.172",
      "type": "string"
    },
    "external_ip_address_k8sworker": {
      "value": "51.250.81.67",
      "type": "string"
    },
    "internal_ip_address_k8smaster": {
      "value": "10.2.0.18",
      "type": "string"
    },
    "internal_ip_address_k8sworker": {
      "value": "10.2.0.19",
      "type": "string"
    }
  },
  "resources": [
    {
      "mode": "managed",
      "type": "local_file",
      "name": "inventory_tmpl",
      "provider": "provider[\"registry.opentofu.org/hashicorp/local\"]",
      "instances": [
        {
          "schema_version": 0,
          "attributes": {
            "content": "[master]\nmaster ansible_host=158.160.60.172\n\n[worker]\nworker ansible_host=51.250.81.67\n",
            "content_base64": null,
            "content_base64sha256": "c9+xMnfaO2zIHH7P8EHKkWl+cJyg8toXrBDTNhFPDaE=",
            "content_base64sha512": "we/7GGie0H/eP6RMSfvthdMG5r/82CHgGJY85JTSIfiOWXEed4zYRor/EkpD4K4QMT1cM9O+UQKWjGwkXSL/0Q==",
            "content_md5": "7d2e5c055f9678a22e895a2728dac985",
            "content_sha1": "717d3539b746adf3be7b892f766ec8b65ddb21cb",
            "content_sha256": "73dfb13277da3b6cc81c7ecff041ca91697e709ca0f2da17ac10d336114f0da1",
            "content_sha512": "c1effb18689ed07fde3fa44c49fbed85d306e6bffcd821e018963ce494d221f88e59711e778cd8468aff124a43e0ae10313d5c33d3be5102968c6c245d22ffd1",
            "directory_permission": "0777",
            "file_permission": "0777",
            "filename": "../configuring/inventory",
            "id": "717d3539b746adf3be7b892f766ec8b65ddb21cb",
            "sensitive_content": null,
            "source": null
          },
          "sensitive_attributes": [],
          "dependencies": [
            "yandex_compute_instance.k8smaster",
            "yandex_compute_instance.k8sworker",
            "yandex_vpc_network.network-1",
            "yandex_vpc_subnet.subnet-1"
          ]
        }
      ]
    },
    {
      "mode": "managed",
      "type": "yandex_compute_instance",
      "name": "k8smaster",
      "provider": "provider[\"registry.opentofu.org/yandex-cloud/yandex\"]",
      "instances": [
        {
          "schema_version": 1,
          "attributes": {
            "allow_recreate": null,
            "allow_stopping_for_update": true,
            "boot_disk": [
              {
                "auto_delete": true,
                "device_name": "fhm4n66h1v739b0tvpsa",
                "disk_id": "fhm4n66h1v739b0tvpsa",
                "initialize_params": [
                  {
                    "block_size": 4096,
                    "description": "",
                    "image_id": "fd8s78up10fbjbe5atn7",
                    "name": "",
                    "size": 50,
                    "snapshot_id": "",
                    "type": "network-hdd"
                  }
                ],
                "mode": "READ_WRITE"
              }
            ],
            "created_at": "2024-03-01T18:55:23Z",
            "description": "",
            "filesystem": [],
            "folder_id": "b1g5enj0v0e6600a5o4a",
            "fqdn": "fhmtv56f02l1dn74vgth.auto.internal",
            "gpu_cluster_id": "",
            "hostname": "",
            "id": "fhmtv56f02l1dn74vgth",
            "labels": null,
            "local_disk": [],
            "maintenance_grace_period": "",
            "maintenance_policy": null,
            "metadata": {
              "ssh-keys": "ubuntu:ssh-rsa AAAAB3NzaC1yc2EAAAADAQABAAABgQDLc9h3DFb2ZWKDP/mS7GBA5JT5Da3Pd3zfoMgrHoaA7WkJkHfysJa6JeW+apSi+ob9bEcAJjK+DEzaPKltiVvIwwGD5ip7d/UOEJgodi1PVQsYusjt81/zUi8+UT308Izi4y1DxQhm3zIJI2R11Nk5iA1hZa7WuZFFxfocYVCirv/tqOHEwZwgGW7Qc4Qb/wyOYtERkK47pAsI05QrkMiiWdEfQlkfP8GquEBpjDmxSWE5/bc/w4tRUWAEIIv45RKiuY77ODJfAZMfLgphmuz5rrIdO9DvO74rkM41LAJUJG+h5HicZprUdef83AAIJTB7iZw2GWZYHw5Aiw3EAEfDHYloyWKT1ZgenhfbW/BBGmxm+SBOzyYIYrP9o67ut41PKXHnctlIZAIAq0DQ5eE9e9njWDVi/sXWsP52MGVmihRYtM/dGlv3PfY4VxfVLIN3iGWwdLnA7rgOBi7Ztw+fXGg0Yv63me4OWhGbvFXPdUy1a79XxMRjfzz+oRE2FHk= root@st17-HP-EliteDesk-800-G1-SFF\n"
            },
            "metadata_options": [
              {
                "aws_v1_http_endpoint": 1,
                "aws_v1_http_token": 2,
                "gce_http_endpoint": 1,
                "gce_http_token": 1
              }
            ],
            "name": "k8smaster",
            "network_acceleration_type": "standard",
            "network_interface": [
              {
                "dns_record": [],
                "index": 0,
                "ip_address": "10.2.0.18",
                "ipv4": true,
                "ipv6": false,
                "ipv6_address": "",
                "ipv6_dns_record": [],
                "mac_address": "d0:0d:1d:f9:4c:f0",
                "nat": true,
                "nat_dns_record": [],
                "nat_ip_address": "158.160.60.172",
                "nat_ip_version": "IPV4",
                "security_group_ids": [],
                "subnet_id": "e9b2seie61spl9tc2u20"
              }
            ],
            "placement_policy": [
              {
                "host_affinity_rules": [],
                "placement_group_id": "",
                "placement_group_partition": 0
              }
            ],
            "platform_id": "standard-v1",
            "resources": [
              {
                "core_fraction": 5,
                "cores": 2,
                "gpus": 0,
                "memory": 4
              }
            ],
            "scheduling_policy": [
              {
                "preemptible": false
              }
            ],
            "secondary_disk": [],
            "service_account_id": "",
            "status": "running",
            "timeouts": null,
            "zone": "ru-central1-a"
          },
          "sensitive_attributes": [],
          "private": "eyJlMmJmYjczMC1lY2FhLTExZTYtOGY4OC0zNDM2M2JjN2M0YzAiOnsiY3JlYXRlIjozMDAwMDAwMDAwMDAsImRlbGV0ZSI6MzAwMDAwMDAwMDAwLCJ1cGRhdGUiOjMwMDAwMDAwMDAwMH0sInNjaGVtYV92ZXJzaW9uIjoiMSJ9",
          "dependencies": [
            "yandex_vpc_network.network-1",
            "yandex_vpc_subnet.subnet-1"
          ]
        }
      ]
    },
    {
      "mode": "managed",
      "type": "yandex_compute_instance",
      "name": "k8sworker",
      "provider": "provider[\"registry.opentofu.org/yandex-cloud/yandex\"]",
      "instances": [
        {
          "schema_version": 1,
          "attributes": {
            "allow_recreate": null,
            "allow_stopping_for_update": true,
            "boot_disk": [
              {
                "auto_delete": true,
                "device_name": "fhmknubui8vcpf3tvvef",
                "disk_id": "fhmknubui8vcpf3tvvef",
                "initialize_params": [
                  {
                    "block_size": 4096,
                    "description": "",
                    "image_id": "fd8s78up10fbjbe5atn7",
                    "name": "",
                    "size": 50,
                    "snapshot_id": "",
                    "type": "network-hdd"
                  }
                ],
                "mode": "READ_WRITE"
              }
            ],
            "created_at": "2024-03-01T18:55:23Z",
            "description": "",
            "filesystem": [],
            "folder_id": "b1g5enj0v0e6600a5o4a",
            "fqdn": "fhm82tf0l3vroedv4fk6.auto.internal",
            "gpu_cluster_id": "",
            "hostname": "",
            "id": "fhm82tf0l3vroedv4fk6",
            "labels": null,
            "local_disk": [],
            "maintenance_grace_period": "",
            "maintenance_policy": null,
            "metadata": {
              "ssh-keys": "ubuntu:ssh-rsa AAAAB3NzaC1yc2EAAAADAQABAAABgQDLc9h3DFb2ZWKDP/mS7GBA5JT5Da3Pd3zfoMgrHoaA7WkJkHfysJa6JeW+apSi+ob9bEcAJjK+DEzaPKltiVvIwwGD5ip7d/UOEJgodi1PVQsYusjt81/zUi8+UT308Izi4y1DxQhm3zIJI2R11Nk5iA1hZa7WuZFFxfocYVCirv/tqOHEwZwgGW7Qc4Qb/wyOYtERkK47pAsI05QrkMiiWdEfQlkfP8GquEBpjDmxSWE5/bc/w4tRUWAEIIv45RKiuY77ODJfAZMfLgphmuz5rrIdO9DvO74rkM41LAJUJG+h5HicZprUdef83AAIJTB7iZw2GWZYHw5Aiw3EAEfDHYloyWKT1ZgenhfbW/BBGmxm+SBOzyYIYrP9o67ut41PKXHnctlIZAIAq0DQ5eE9e9njWDVi/sXWsP52MGVmihRYtM/dGlv3PfY4VxfVLIN3iGWwdLnA7rgOBi7Ztw+fXGg0Yv63me4OWhGbvFXPdUy1a79XxMRjfzz+oRE2FHk= root@st17-HP-EliteDesk-800-G1-SFF\n"
            },
            "metadata_options": [
              {
                "aws_v1_http_endpoint": 1,
                "aws_v1_http_token": 2,
                "gce_http_endpoint": 1,
                "gce_http_token": 1
              }
            ],
            "name": "k8sworker",
            "network_acceleration_type": "standard",
            "network_interface": [
              {
                "dns_record": [],
                "index": 0,
                "ip_address": "10.2.0.19",
                "ipv4": true,
                "ipv6": false,
                "ipv6_address": "",
                "ipv6_dns_record": [],
                "mac_address": "d0:0d:81:75:e0:a8",
                "nat": true,
                "nat_dns_record": [],
                "nat_ip_address": "51.250.81.67",
                "nat_ip_version": "IPV4",
                "security_group_ids": [],
                "subnet_id": "e9b2seie61spl9tc2u20"
              }
            ],
            "placement_policy": [
              {
                "host_affinity_rules": [],
                "placement_group_id": "",
                "placement_group_partition": 0
              }
            ],
            "platform_id": "standard-v1",
            "resources": [
              {
                "core_fraction": 5,
                "cores": 2,
                "gpus": 0,
                "memory": 4
              }
            ],
            "scheduling_policy": [
              {
                "preemptible": false
              }
            ],
            "secondary_disk": [],
            "service_account_id": "",
            "status": "running",
            "timeouts": null,
            "zone": "ru-central1-a"
          },
          "sensitive_attributes": [],
          "private": "eyJlMmJmYjczMC1lY2FhLTExZTYtOGY4OC0zNDM2M2JjN2M0YzAiOnsiY3JlYXRlIjozMDAwMDAwMDAwMDAsImRlbGV0ZSI6MzAwMDAwMDAwMDAwLCJ1cGRhdGUiOjMwMDAwMDAwMDAwMH0sInNjaGVtYV92ZXJzaW9uIjoiMSJ9",
          "dependencies": [
            "yandex_vpc_network.network-1",
            "yandex_vpc_subnet.subnet-1"
          ]
        }
      ]
    },
    {
      "mode": "managed",
      "type": "yandex_vpc_network",
      "name": "network-1",
      "provider": "provider[\"registry.opentofu.org/yandex-cloud/yandex\"]",
      "instances": [
        {
          "schema_version": 0,
          "attributes": {
            "created_at": "2024-03-01T18:55:18Z",
            "default_security_group_id": "enpe46g7oeppee7sdgcd",
            "description": "",
            "folder_id": "b1g5enj0v0e6600a5o4a",
            "id": "enp9n53i5qgqle3jb3o7",
            "labels": {},
            "name": "from-terraform-network",
            "subnet_ids": [],
            "timeouts": null
          },
          "sensitive_attributes": [],
          "private": "eyJlMmJmYjczMC1lY2FhLTExZTYtOGY4OC0zNDM2M2JjN2M0YzAiOnsiY3JlYXRlIjo2MDAwMDAwMDAwMCwiZGVsZXRlIjo2MDAwMDAwMDAwMCwidXBkYXRlIjo2MDAwMDAwMDAwMH19"
        }
      ]
    },
    {
      "mode": "managed",
      "type": "yandex_vpc_subnet",
      "name": "subnet-1",
      "provider": "provider[\"registry.opentofu.org/yandex-cloud/yandex\"]",
      "instances": [
        {
          "schema_version": 0,
          "attributes": {
            "created_at": "2024-03-01T18:55:20Z",
            "description": "",
            "dhcp_options": [],
            "folder_id": "b1g5enj0v0e6600a5o4a",
            "id": "e9b2seie61spl9tc2u20",
            "labels": {},
            "name": "from-final-project-subnet",
            "network_id": "enp9n53i5qgqle3jb3o7",
            "route_table_id": "",
            "timeouts": null,
            "v4_cidr_blocks": [
              "10.2.0.0/16"
            ],
            "v6_cidr_blocks": [],
            "zone": "ru-central1-a"
          },
          "sensitive_attributes": [],
          "private": "eyJlMmJmYjczMC1lY2FhLTExZTYtOGY4OC0zNDM2M2JjN2M0YzAiOnsiY3JlYXRlIjoxODAwMDAwMDAwMDAsImRlbGV0ZSI6MTgwMDAwMDAwMDAwLCJ1cGRhdGUiOjE4MDAwMDAwMDAwMH19",
          "dependencies": [
            "yandex_vpc_network.network-1"
          ]
        }
      ]
    }
  ],
  "check_results": [
    {
      "object_kind": "var",
      "config_addr": "var.image-id",
      "status": "pass",
      "objects": [
        {
          "object_addr": "var.image-id",
          "status": "pass"
        }
      ]
    }
  ]
}
